<Solution>
  <Folder Name="/examples/">
    <Project Path="examples/Volett.Example/Volett.Example.csproj" />
  </Folder>
  <Folder Name="/src/">
    <Project Path="src/Volett/Volett.csproj" />
  </Folder>
  <Folder Name="/tests/">
    <Project Path="tests/Volett.IntegrationTests/Volett.IntegrationTests.csproj" />
  </Folder>
</Solution>
